
Microsoft Visual Studio Solution File, Format Version 12.00
# Visual Studio Version 17
VisualStudioVersion = 17.5.2.0
MinimumVisualStudioVersion = 10.0.40219.1
Project("{FAE04EC0-301F-11D3-BF4B-00C04F79EFBC}") = "AuthService", "AuthService\AuthService.csproj", "{6CDAB7B3-DE4F-6FF5-06F0-D824F083F1AF}"
EndProject
Project("{FAE04EC0-301F-11D3-BF4B-00C04F79EFBC}") = "AuthSrvice.Tests", "AuthSrvice.Tests\AuthSrvice.Tests.csproj", "{8BD94DBC-B3A1-4657-9248-935B1FBE0680}"
EndProject
Project("{FAE04EC0-301F-11D3-BF4B-00C04F79EFBC}") = "ProfileService", "ProfileService\ProfileService.csproj", "{A3B6D121-B9A6-41B5-BCC1-4D331F4E98B3}"
EndProject
Global
	GlobalSection(SolutionConfigurationPlatforms) = preSolution
		Debug|Any CPU = Debug|Any CPU
		Debug|x64 = Debug|x64
		Debug|x86 = Debug|x86
		Release|Any CPU = Release|Any CPU
		Release|x64 = Release|x64
		Release|x86 = Release|x86
	EndGlobalSection
	GlobalSection(ProjectConfigurationPlatforms) = postSolution
		{6CDAB7B3-DE4F-6FF5-06F0-D824F083F1AF}.Debug|Any CPU.ActiveCfg = Debug|Any CPU
		{6CDAB7B3-DE4F-6FF5-06F0-D824F083F1AF}.Debug|Any CPU.Build.0 = Debug|Any CPU
		{6CDAB7B3-DE4F-6FF5-06F0-D824F083F1AF}.Debug|x64.ActiveCfg = Debug|Any CPU
		{6CDAB7B3-DE4F-6FF5-06F0-D824F083F1AF}.Debug|x64.Build.0 = Debug|Any CPU
		{6CDAB7B3-DE4F-6FF5-06F0-D824F083F1AF}.Debug|x86.ActiveCfg = Debug|Any CPU
		{6CDAB7B3-DE4F-6FF5-06F0-D824F083F1AF}.Debug|x86.Build.0 = Debug|Any CPU
		{6CDAB7B3-DE4F-6FF5-06F0-D824F083F1AF}.Release|Any CPU.ActiveCfg = Release|Any CPU
		{6CDAB7B3-DE4F-6FF5-06F0-D824F083F1AF}.Release|Any CPU.Build.0 = Release|Any CPU
		{6CDAB7B3-DE4F-6FF5-06F0-D824F083F1AF}.Release|x64.ActiveCfg = Release|Any CPU
		{6CDAB7B3-DE4F-6FF5-06F0-D824F083F1AF}.Release|x64.Build.0 = Release|Any CPU
		{6CDAB7B3-DE4F-6FF5-06F0-D824F083F1AF}.Release|x86.ActiveCfg = Release|Any CPU
		{6CDAB7B3-DE4F-6FF5-06F0-D824F083F1AF}.Release|x86.Build.0 = Release|Any CPU
		{8BD94DBC-B3A1-4657-9248-935B1FBE0680}.Debug|Any CPU.ActiveCfg = Debug|Any CPU
		{8BD94DBC-B3A1-4657-9248-935B1FBE0680}.Debug|Any CPU.Build.0 = Debug|Any CPU
		{8BD94DBC-B3A1-4657-9248-935B1FBE0680}.Debug|x64.ActiveCfg = Debug|Any CPU
		{8BD94DBC-B3A1-4657-9248-935B1FBE0680}.Debug|x64.Build.0 = Debug|Any CPU
		{8BD94DBC-B3A1-4657-9248-935B1FBE0680}.Debug|x86.ActiveCfg = Debug|Any CPU
		{8BD94DBC-B3A1-4657-9248-935B1FBE0680}.Debug|x86.Build.0 = Debug|Any CPU
		{8BD94DBC-B3A1-4657-9248-935B1FBE0680}.Release|Any CPU.ActiveCfg = Release|Any CPU
		{8BD94DBC-B3A1-4657-9248-935B1FBE0680}.Release|Any CPU.Build.0 = Release|Any CPU
		{8BD94DBC-B3A1-4657-9248-935B1FBE0680}.Release|x64.ActiveCfg = Release|Any CPU
		{8BD94DBC-B3A1-4657-9248-935B1FBE0680}.Release|x64.Build.0 = Release|Any CPU
		{8BD94DBC-B3A1-4657-9248-935B1FBE0680}.Release|x86.ActiveCfg = Release|Any CPU
		{8BD94DBC-B3A1-4657-9248-935B1FBE0680}.Release|x86.Build.0 = Release|Any CPU
		{A3B6D121-B9A6-41B5-BCC1-4D331F4E98B3}.Debug|Any CPU.ActiveCfg = Debug|Any CPU
		{A3B6D121-B9A6-41B5-BCC1-4D331F4E98B3}.Debug|Any CPU.Build.0 = Debug|Any CPU
		{A3B6D121-B9A6-41B5-BCC1-4D331F4E98B3}.Debug|x64.ActiveCfg = Debug|Any CPU
		{A3B6D121-B9A6-41B5-BCC1-4D331F4E98B3}.Debug|x64.Build.0 = Debug|Any CPU
		{A3B6D121-B9A6-41B5-BCC1-4D331F4E98B3}.Debug|x86.ActiveCfg = Debug|Any CPU
		{A3B6D121-B9A6-41B5-BCC1-4D331F4E98B3}.Debug|x86.Build.0 = Debug|Any CPU
		{A3B6D121-B9A6-41B5-BCC1-4D331F4E98B3}.Release|Any CPU.ActiveCfg = Release|Any CPU
		{A3B6D121-B9A6-41B5-BCC1-4D331F4E98B3}.Release|Any CPU.Build.0 = Release|Any CPU
		{A3B6D121-B9A6-41B5-BCC1-4D331F4E98B3}.Release|x64.ActiveCfg = Release|Any CPU
		{A3B6D121-B9A6-41B5-BCC1-4D331F4E98B3}.Release|x64.Build.0 = Release|Any CPU
		{A3B6D121-B9A6-41B5-BCC1-4D331F4E98B3}.Release|x86.ActiveCfg = Release|Any CPU
		{A3B6D121-B9A6-41B5-BCC1-4D331F4E98B3}.Release|x86.Build.0 = Release|Any CPU
	EndGlobalSection
	GlobalSection(SolutionProperties) = preSolution
		HideSolutionNode = FALSE
	EndGlobalSection
	GlobalSection(ExtensibilityGlobals) = postSolution
		SolutionGuid = {F5DC35DF-EBA5-4145-A55C-7A71623F5BB9}
	EndGlobalSection
EndGlobal
